
Microsoft Visual Studio Solution File, Format Version 12.00
# Visual Studio 14
VisualStudioVersion = 14.0.22823.1
MinimumVisualStudioVersion = 10.0.40219.1
Project("{D954291E-2A0B-460D-934E-DC6B0785DB48}") = "CoreUtil", "CoreUtil.shproj", "{298B010A-6FD9-4D6B-95F0-D03929BDEB96}"
EndProject
Project("{FAE04EC0-301F-11D3-BF4B-00C04F79EFBC}") = "DataUtil", "..\..\DataUtil\DataUtil.csproj", "{6C37FE44-DA3D-417B-855C-B8991903DABF}"
EndProject
Project("{FAE04EC0-301F-11D3-BF4B-00C04F79EFBC}") = "FileUtil", "..\..\FileUtil\FileUtil.csproj", "{CC41FF73-D818-47D1-8B80-721DB0461BA3}"
EndProject
Project("{FAE04EC0-301F-11D3-BF4B-00C04F79EFBC}") = "ReflectionUtil", "..\..\ReflectionUtil\ReflectionUtil.csproj", "{C2A32493-5E28-49A0-99BF-05CA2E2DD72F}"
EndProject
Project("{FAE04EC0-301F-11D3-BF4B-00C04F79EFBC}") = "ExceptionUtil", "..\..\ExceptionUtil\ExceptionUtil\ExceptionUtil.csproj", "{D2968263-C9F7-4AF0-B2B6-F79BF5762B42}"
EndProject
Project("{FAE04EC0-301F-11D3-BF4B-00C04F79EFBC}") = "TestUtil", "..\..\TestUtil\TestUtil.csproj", "{D51AC049-8298-421F-AF77-95B0627F9C7C}"
EndProject
Project("{FAE04EC0-301F-11D3-BF4B-00C04F79EFBC}") = "TestUtilClient", "..\..\TestUtilClient\TestUtilClient.csproj", "{83C4EE36-C1A7-4670-B585-34B7B310886D}"
EndProject
Global
	GlobalSection(SharedMSBuildProjectFiles) = preSolution
		CoreUtil.projitems*{298b010a-6fd9-4d6b-95f0-d03929bdeb96}*SharedItemsImports = 13
		CoreUtil.projitems*{c2a32493-5e28-49a0-99bf-05ca2e2dd72f}*SharedItemsImports = 4
		CoreUtil.projitems*{d2968263-c9f7-4af0-b2b6-f79bf5762b42}*SharedItemsImports = 4
		CoreUtil.projitems*{6c37fe44-da3d-417b-855c-b8991903dabf}*SharedItemsImports = 4
		CoreUtil.projitems*{cc41ff73-d818-47d1-8b80-721db0461ba3}*SharedItemsImports = 4
	EndGlobalSection
	GlobalSection(SolutionConfigurationPlatforms) = preSolution
		Debug|Any CPU = Debug|Any CPU
		Debug|x86 = Debug|x86
		NET20|Any CPU = NET20|Any CPU
		NET20|x86 = NET20|x86
		NET30|Any CPU = NET30|Any CPU
		NET30|x86 = NET30|x86
		NET35|Any CPU = NET35|Any CPU
		NET35|x86 = NET35|x86
		NET40|Any CPU = NET40|Any CPU
		NET40|x86 = NET40|x86
		NET45|Any CPU = NET45|Any CPU
		NET45|x86 = NET45|x86
		Release|Any CPU = Release|Any CPU
		Release|x86 = Release|x86
	EndGlobalSection
	GlobalSection(ProjectConfigurationPlatforms) = postSolution
		{6C37FE44-DA3D-417B-855C-B8991903DABF}.Debug|Any CPU.ActiveCfg = Debug|Any CPU
		{6C37FE44-DA3D-417B-855C-B8991903DABF}.Debug|Any CPU.Build.0 = Debug|Any CPU
		{6C37FE44-DA3D-417B-855C-B8991903DABF}.Debug|x86.ActiveCfg = Debug|Any CPU
		{6C37FE44-DA3D-417B-855C-B8991903DABF}.Debug|x86.Build.0 = Debug|Any CPU
		{6C37FE44-DA3D-417B-855C-B8991903DABF}.NET20|Any CPU.ActiveCfg = NET20|Any CPU
		{6C37FE44-DA3D-417B-855C-B8991903DABF}.NET20|Any CPU.Build.0 = NET20|Any CPU
		{6C37FE44-DA3D-417B-855C-B8991903DABF}.NET20|x86.ActiveCfg = NET20|Any CPU
		{6C37FE44-DA3D-417B-855C-B8991903DABF}.NET20|x86.Build.0 = NET20|Any CPU
		{6C37FE44-DA3D-417B-855C-B8991903DABF}.NET30|Any CPU.ActiveCfg = NET30|Any CPU
		{6C37FE44-DA3D-417B-855C-B8991903DABF}.NET30|Any CPU.Build.0 = NET30|Any CPU
		{6C37FE44-DA3D-417B-855C-B8991903DABF}.NET30|x86.ActiveCfg = NET30|Any CPU
		{6C37FE44-DA3D-417B-855C-B8991903DABF}.NET30|x86.Build.0 = NET30|Any CPU
		{6C37FE44-DA3D-417B-855C-B8991903DABF}.NET35|Any CPU.ActiveCfg = NET35|Any CPU
		{6C37FE44-DA3D-417B-855C-B8991903DABF}.NET35|Any CPU.Build.0 = NET35|Any CPU
		{6C37FE44-DA3D-417B-855C-B8991903DABF}.NET35|x86.ActiveCfg = NET35|Any CPU
		{6C37FE44-DA3D-417B-855C-B8991903DABF}.NET35|x86.Build.0 = NET35|Any CPU
		{6C37FE44-DA3D-417B-855C-B8991903DABF}.NET40|Any CPU.ActiveCfg = NET40|Any CPU
		{6C37FE44-DA3D-417B-855C-B8991903DABF}.NET40|Any CPU.Build.0 = NET40|Any CPU
		{6C37FE44-DA3D-417B-855C-B8991903DABF}.NET40|x86.ActiveCfg = NET40|Any CPU
		{6C37FE44-DA3D-417B-855C-B8991903DABF}.NET40|x86.Build.0 = NET40|Any CPU
		{6C37FE44-DA3D-417B-855C-B8991903DABF}.NET45|Any CPU.ActiveCfg = NET_Debug|Any CPU
		{6C37FE44-DA3D-417B-855C-B8991903DABF}.NET45|Any CPU.Build.0 = NET_Debug|Any CPU
		{6C37FE44-DA3D-417B-855C-B8991903DABF}.NET45|x86.ActiveCfg = NET_Debug|Any CPU
		{6C37FE44-DA3D-417B-855C-B8991903DABF}.NET45|x86.Build.0 = NET_Debug|Any CPU
		{6C37FE44-DA3D-417B-855C-B8991903DABF}.Release|Any CPU.ActiveCfg = Release|Any CPU
		{6C37FE44-DA3D-417B-855C-B8991903DABF}.Release|Any CPU.Build.0 = Release|Any CPU
		{6C37FE44-DA3D-417B-855C-B8991903DABF}.Release|x86.ActiveCfg = Release|Any CPU
		{6C37FE44-DA3D-417B-855C-B8991903DABF}.Release|x86.Build.0 = Release|Any CPU
		{CC41FF73-D818-47D1-8B80-721DB0461BA3}.Debug|Any CPU.ActiveCfg = Debug|Any CPU
		{CC41FF73-D818-47D1-8B80-721DB0461BA3}.Debug|Any CPU.Build.0 = Debug|Any CPU
		{CC41FF73-D818-47D1-8B80-721DB0461BA3}.Debug|x86.ActiveCfg = Debug|x86
		{CC41FF73-D818-47D1-8B80-721DB0461BA3}.Debug|x86.Build.0 = Debug|x86
		{CC41FF73-D818-47D1-8B80-721DB0461BA3}.NET20|Any CPU.ActiveCfg = NET20|Any CPU
		{CC41FF73-D818-47D1-8B80-721DB0461BA3}.NET20|Any CPU.Build.0 = NET20|Any CPU
		{CC41FF73-D818-47D1-8B80-721DB0461BA3}.NET20|x86.ActiveCfg = NET20|x86
		{CC41FF73-D818-47D1-8B80-721DB0461BA3}.NET20|x86.Build.0 = NET20|x86
		{CC41FF73-D818-47D1-8B80-721DB0461BA3}.NET30|Any CPU.ActiveCfg = NET30|Any CPU
		{CC41FF73-D818-47D1-8B80-721DB0461BA3}.NET30|Any CPU.Build.0 = NET30|Any CPU
		{CC41FF73-D818-47D1-8B80-721DB0461BA3}.NET30|x86.ActiveCfg = NET30|x86
		{CC41FF73-D818-47D1-8B80-721DB0461BA3}.NET30|x86.Build.0 = NET30|x86
		{CC41FF73-D818-47D1-8B80-721DB0461BA3}.NET35|Any CPU.ActiveCfg = NET35|Any CPU
		{CC41FF73-D818-47D1-8B80-721DB0461BA3}.NET35|Any CPU.Build.0 = NET35|Any CPU
		{CC41FF73-D818-47D1-8B80-721DB0461BA3}.NET35|x86.ActiveCfg = NET35|Any CPU
		{CC41FF73-D818-47D1-8B80-721DB0461BA3}.NET35|x86.Build.0 = NET35|Any CPU
		{CC41FF73-D818-47D1-8B80-721DB0461BA3}.NET40|Any CPU.ActiveCfg = NET40|Any CPU
		{CC41FF73-D818-47D1-8B80-721DB0461BA3}.NET40|Any CPU.Build.0 = NET40|Any CPU
		{CC41FF73-D818-47D1-8B80-721DB0461BA3}.NET40|x86.ActiveCfg = NET40|x86
		{CC41FF73-D818-47D1-8B80-721DB0461BA3}.NET40|x86.Build.0 = NET40|x86
		{CC41FF73-D818-47D1-8B80-721DB0461BA3}.NET45|Any CPU.ActiveCfg = NET_Debug|Any CPU
		{CC41FF73-D818-47D1-8B80-721DB0461BA3}.NET45|Any CPU.Build.0 = NET_Debug|Any CPU
		{CC41FF73-D818-47D1-8B80-721DB0461BA3}.NET45|x86.ActiveCfg = NET_Debug|Any CPU
		{CC41FF73-D818-47D1-8B80-721DB0461BA3}.NET45|x86.Build.0 = NET_Debug|Any CPU
		{CC41FF73-D818-47D1-8B80-721DB0461BA3}.Release|Any CPU.ActiveCfg = Release|Any CPU
		{CC41FF73-D818-47D1-8B80-721DB0461BA3}.Release|Any CPU.Build.0 = Release|Any CPU
		{CC41FF73-D818-47D1-8B80-721DB0461BA3}.Release|x86.ActiveCfg = Release|x86
		{CC41FF73-D818-47D1-8B80-721DB0461BA3}.Release|x86.Build.0 = Release|x86
		{C2A32493-5E28-49A0-99BF-05CA2E2DD72F}.Debug|Any CPU.ActiveCfg = Debug|Any CPU
		{C2A32493-5E28-49A0-99BF-05CA2E2DD72F}.Debug|Any CPU.Build.0 = Debug|Any CPU
		{C2A32493-5E28-49A0-99BF-05CA2E2DD72F}.Debug|x86.ActiveCfg = Debug|Any CPU
		{C2A32493-5E28-49A0-99BF-05CA2E2DD72F}.Debug|x86.Build.0 = Debug|Any CPU
		{C2A32493-5E28-49A0-99BF-05CA2E2DD72F}.NET20|Any CPU.ActiveCfg = NET20|Any CPU
		{C2A32493-5E28-49A0-99BF-05CA2E2DD72F}.NET20|Any CPU.Build.0 = NET20|Any CPU
		{C2A32493-5E28-49A0-99BF-05CA2E2DD72F}.NET20|x86.ActiveCfg = NET20|Any CPU
		{C2A32493-5E28-49A0-99BF-05CA2E2DD72F}.NET20|x86.Build.0 = NET20|Any CPU
		{C2A32493-5E28-49A0-99BF-05CA2E2DD72F}.NET30|Any CPU.ActiveCfg = NET30|Any CPU
		{C2A32493-5E28-49A0-99BF-05CA2E2DD72F}.NET30|Any CPU.Build.0 = NET30|Any CPU
		{C2A32493-5E28-49A0-99BF-05CA2E2DD72F}.NET30|x86.ActiveCfg = NET30|Any CPU
		{C2A32493-5E28-49A0-99BF-05CA2E2DD72F}.NET30|x86.Build.0 = NET30|Any CPU
		{C2A32493-5E28-49A0-99BF-05CA2E2DD72F}.NET35|Any CPU.ActiveCfg = NET35|Any CPU
		{C2A32493-5E28-49A0-99BF-05CA2E2DD72F}.NET35|Any CPU.Build.0 = NET35|Any CPU
		{C2A32493-5E28-49A0-99BF-05CA2E2DD72F}.NET35|x86.ActiveCfg = NET35|Any CPU
		{C2A32493-5E28-49A0-99BF-05CA2E2DD72F}.NET35|x86.Build.0 = NET35|Any CPU
		{C2A32493-5E28-49A0-99BF-05CA2E2DD72F}.NET40|Any CPU.ActiveCfg = NET40|Any CPU
		{C2A32493-5E28-49A0-99BF-05CA2E2DD72F}.NET40|Any CPU.Build.0 = NET40|Any CPU
		{C2A32493-5E28-49A0-99BF-05CA2E2DD72F}.NET40|x86.ActiveCfg = NET40|Any CPU
		{C2A32493-5E28-49A0-99BF-05CA2E2DD72F}.NET40|x86.Build.0 = NET40|Any CPU
		{C2A32493-5E28-49A0-99BF-05CA2E2DD72F}.NET45|Any CPU.ActiveCfg = NET_Debug|Any CPU
		{C2A32493-5E28-49A0-99BF-05CA2E2DD72F}.NET45|Any CPU.Build.0 = NET_Debug|Any CPU
		{C2A32493-5E28-49A0-99BF-05CA2E2DD72F}.NET45|x86.ActiveCfg = NET_Debug|Any CPU
		{C2A32493-5E28-49A0-99BF-05CA2E2DD72F}.NET45|x86.Build.0 = NET_Debug|Any CPU
		{C2A32493-5E28-49A0-99BF-05CA2E2DD72F}.Release|Any CPU.ActiveCfg = Release|Any CPU
		{C2A32493-5E28-49A0-99BF-05CA2E2DD72F}.Release|Any CPU.Build.0 = Release|Any CPU
		{C2A32493-5E28-49A0-99BF-05CA2E2DD72F}.Release|x86.ActiveCfg = Release|Any CPU
		{C2A32493-5E28-49A0-99BF-05CA2E2DD72F}.Release|x86.Build.0 = Release|Any CPU
		{D2968263-C9F7-4AF0-B2B6-F79BF5762B42}.Debug|Any CPU.ActiveCfg = Debug|Any CPU
		{D2968263-C9F7-4AF0-B2B6-F79BF5762B42}.Debug|Any CPU.Build.0 = Debug|Any CPU
		{D2968263-C9F7-4AF0-B2B6-F79BF5762B42}.Debug|x86.ActiveCfg = Debug|Any CPU
		{D2968263-C9F7-4AF0-B2B6-F79BF5762B42}.Debug|x86.Build.0 = Debug|Any CPU
		{D2968263-C9F7-4AF0-B2B6-F79BF5762B42}.NET20|Any CPU.ActiveCfg = NET20|Any CPU
		{D2968263-C9F7-4AF0-B2B6-F79BF5762B42}.NET20|Any CPU.Build.0 = NET20|Any CPU
		{D2968263-C9F7-4AF0-B2B6-F79BF5762B42}.NET20|x86.ActiveCfg = NET20|Any CPU
		{D2968263-C9F7-4AF0-B2B6-F79BF5762B42}.NET20|x86.Build.0 = NET20|Any CPU
		{D2968263-C9F7-4AF0-B2B6-F79BF5762B42}.NET30|Any CPU.ActiveCfg = NET30|Any CPU
		{D2968263-C9F7-4AF0-B2B6-F79BF5762B42}.NET30|Any CPU.Build.0 = NET30|Any CPU
		{D2968263-C9F7-4AF0-B2B6-F79BF5762B42}.NET30|x86.ActiveCfg = NET30|Any CPU
		{D2968263-C9F7-4AF0-B2B6-F79BF5762B42}.NET30|x86.Build.0 = NET30|Any CPU
		{D2968263-C9F7-4AF0-B2B6-F79BF5762B42}.NET35|Any CPU.ActiveCfg = NET35|Any CPU
		{D2968263-C9F7-4AF0-B2B6-F79BF5762B42}.NET35|Any CPU.Build.0 = NET35|Any CPU
		{D2968263-C9F7-4AF0-B2B6-F79BF5762B42}.NET35|x86.ActiveCfg = NET35|Any CPU
		{D2968263-C9F7-4AF0-B2B6-F79BF5762B42}.NET35|x86.Build.0 = NET35|Any CPU
		{D2968263-C9F7-4AF0-B2B6-F79BF5762B42}.NET40|Any CPU.ActiveCfg = NET40|Any CPU
		{D2968263-C9F7-4AF0-B2B6-F79BF5762B42}.NET40|Any CPU.Build.0 = NET40|Any CPU
		{D2968263-C9F7-4AF0-B2B6-F79BF5762B42}.NET40|x86.ActiveCfg = NET40|Any CPU
		{D2968263-C9F7-4AF0-B2B6-F79BF5762B42}.NET40|x86.Build.0 = NET40|Any CPU
		{D2968263-C9F7-4AF0-B2B6-F79BF5762B42}.NET45|Any CPU.ActiveCfg = NET_Debug|Any CPU
		{D2968263-C9F7-4AF0-B2B6-F79BF5762B42}.NET45|Any CPU.Build.0 = NET_Debug|Any CPU
		{D2968263-C9F7-4AF0-B2B6-F79BF5762B42}.NET45|x86.ActiveCfg = NET_Debug|Any CPU
		{D2968263-C9F7-4AF0-B2B6-F79BF5762B42}.NET45|x86.Build.0 = NET_Debug|Any CPU
		{D2968263-C9F7-4AF0-B2B6-F79BF5762B42}.Release|Any CPU.ActiveCfg = Release|Any CPU
		{D2968263-C9F7-4AF0-B2B6-F79BF5762B42}.Release|Any CPU.Build.0 = Release|Any CPU
		{D2968263-C9F7-4AF0-B2B6-F79BF5762B42}.Release|x86.ActiveCfg = Release|Any CPU
		{D2968263-C9F7-4AF0-B2B6-F79BF5762B42}.Release|x86.Build.0 = Release|Any CPU
		{D51AC049-8298-421F-AF77-95B0627F9C7C}.Debug|Any CPU.ActiveCfg = Debug|Any CPU
		{D51AC049-8298-421F-AF77-95B0627F9C7C}.Debug|Any CPU.Build.0 = Debug|Any CPU
		{D51AC049-8298-421F-AF77-95B0627F9C7C}.Debug|x86.ActiveCfg = Debug|Any CPU
		{D51AC049-8298-421F-AF77-95B0627F9C7C}.Debug|x86.Build.0 = Debug|Any CPU
		{D51AC049-8298-421F-AF77-95B0627F9C7C}.NET20|Any CPU.ActiveCfg = NET20|Any CPU
		{D51AC049-8298-421F-AF77-95B0627F9C7C}.NET20|Any CPU.Build.0 = NET20|Any CPU
		{D51AC049-8298-421F-AF77-95B0627F9C7C}.NET20|x86.ActiveCfg = NET20|Any CPU
		{D51AC049-8298-421F-AF77-95B0627F9C7C}.NET20|x86.Build.0 = NET20|Any CPU
		{D51AC049-8298-421F-AF77-95B0627F9C7C}.NET30|Any CPU.ActiveCfg = NET30|Any CPU
		{D51AC049-8298-421F-AF77-95B0627F9C7C}.NET30|Any CPU.Build.0 = NET30|Any CPU
		{D51AC049-8298-421F-AF77-95B0627F9C7C}.NET30|x86.ActiveCfg = NET30|Any CPU
		{D51AC049-8298-421F-AF77-95B0627F9C7C}.NET30|x86.Build.0 = NET30|Any CPU
		{D51AC049-8298-421F-AF77-95B0627F9C7C}.NET35|Any CPU.ActiveCfg = NET35|Any CPU
		{D51AC049-8298-421F-AF77-95B0627F9C7C}.NET35|Any CPU.Build.0 = NET35|Any CPU
		{D51AC049-8298-421F-AF77-95B0627F9C7C}.NET35|x86.ActiveCfg = NET35|Any CPU
		{D51AC049-8298-421F-AF77-95B0627F9C7C}.NET35|x86.Build.0 = NET35|Any CPU
		{D51AC049-8298-421F-AF77-95B0627F9C7C}.NET40|Any CPU.ActiveCfg = NET40|Any CPU
		{D51AC049-8298-421F-AF77-95B0627F9C7C}.NET40|Any CPU.Build.0 = NET40|Any CPU
		{D51AC049-8298-421F-AF77-95B0627F9C7C}.NET40|x86.ActiveCfg = NET40|Any CPU
		{D51AC049-8298-421F-AF77-95B0627F9C7C}.NET40|x86.Build.0 = NET40|Any CPU
		{D51AC049-8298-421F-AF77-95B0627F9C7C}.NET45|Any CPU.ActiveCfg = NET_Debug|Any CPU
		{D51AC049-8298-421F-AF77-95B0627F9C7C}.NET45|Any CPU.Build.0 = NET_Debug|Any CPU
		{D51AC049-8298-421F-AF77-95B0627F9C7C}.NET45|x86.ActiveCfg = NET_Debug|Any CPU
		{D51AC049-8298-421F-AF77-95B0627F9C7C}.NET45|x86.Build.0 = NET_Debug|Any CPU
		{D51AC049-8298-421F-AF77-95B0627F9C7C}.Release|Any CPU.ActiveCfg = Release|Any CPU
		{D51AC049-8298-421F-AF77-95B0627F9C7C}.Release|Any CPU.Build.0 = Release|Any CPU
		{D51AC049-8298-421F-AF77-95B0627F9C7C}.Release|x86.ActiveCfg = Release|Any CPU
		{D51AC049-8298-421F-AF77-95B0627F9C7C}.Release|x86.Build.0 = Release|Any CPU
		{83C4EE36-C1A7-4670-B585-34B7B310886D}.Debug|Any CPU.ActiveCfg = Debug|Any CPU
		{83C4EE36-C1A7-4670-B585-34B7B310886D}.Debug|Any CPU.Build.0 = Debug|Any CPU
		{83C4EE36-C1A7-4670-B585-34B7B310886D}.Debug|x86.ActiveCfg = Debug|Any CPU
		{83C4EE36-C1A7-4670-B585-34B7B310886D}.Debug|x86.Build.0 = Debug|Any CPU
		{83C4EE36-C1A7-4670-B585-34B7B310886D}.NET20|Any CPU.ActiveCfg = Release|Any CPU
		{83C4EE36-C1A7-4670-B585-34B7B310886D}.NET20|Any CPU.Build.0 = Release|Any CPU
		{83C4EE36-C1A7-4670-B585-34B7B310886D}.NET20|x86.ActiveCfg = Release|Any CPU
		{83C4EE36-C1A7-4670-B585-34B7B310886D}.NET20|x86.Build.0 = Release|Any CPU
		{83C4EE36-C1A7-4670-B585-34B7B310886D}.NET30|Any CPU.ActiveCfg = Release|Any CPU
		{83C4EE36-C1A7-4670-B585-34B7B310886D}.NET30|Any CPU.Build.0 = Release|Any CPU
		{83C4EE36-C1A7-4670-B585-34B7B310886D}.NET30|x86.ActiveCfg = Release|Any CPU
		{83C4EE36-C1A7-4670-B585-34B7B310886D}.NET30|x86.Build.0 = Release|Any CPU
		{83C4EE36-C1A7-4670-B585-34B7B310886D}.NET35|Any CPU.ActiveCfg = Release|Any CPU
		{83C4EE36-C1A7-4670-B585-34B7B310886D}.NET35|Any CPU.Build.0 = Release|Any CPU
		{83C4EE36-C1A7-4670-B585-34B7B310886D}.NET35|x86.ActiveCfg = Debug|Any CPU
		{83C4EE36-C1A7-4670-B585-34B7B310886D}.NET35|x86.Build.0 = Debug|Any CPU
		{83C4EE36-C1A7-4670-B585-34B7B310886D}.NET40|Any CPU.ActiveCfg = Release|Any CPU
		{83C4EE36-C1A7-4670-B585-34B7B310886D}.NET40|Any CPU.Build.0 = Release|Any CPU
		{83C4EE36-C1A7-4670-B585-34B7B310886D}.NET40|x86.ActiveCfg = Release|Any CPU
		{83C4EE36-C1A7-4670-B585-34B7B310886D}.NET40|x86.Build.0 = Release|Any CPU
		{83C4EE36-C1A7-4670-B585-34B7B310886D}.NET45|Any CPU.ActiveCfg = Debug|Any CPU
		{83C4EE36-C1A7-4670-B585-34B7B310886D}.NET45|Any CPU.Build.0 = Debug|Any CPU
		{83C4EE36-C1A7-4670-B585-34B7B310886D}.NET45|x86.ActiveCfg = Debug|Any CPU
		{83C4EE36-C1A7-4670-B585-34B7B310886D}.NET45|x86.Build.0 = Debug|Any CPU
		{83C4EE36-C1A7-4670-B585-34B7B310886D}.Release|Any CPU.ActiveCfg = Release|Any CPU
		{83C4EE36-C1A7-4670-B585-34B7B310886D}.Release|Any CPU.Build.0 = Release|Any CPU
		{83C4EE36-C1A7-4670-B585-34B7B310886D}.Release|x86.ActiveCfg = Release|Any CPU
		{83C4EE36-C1A7-4670-B585-34B7B310886D}.Release|x86.Build.0 = Release|Any CPU
	EndGlobalSection
	GlobalSection(SolutionProperties) = preSolution
		HideSolutionNode = FALSE
	EndGlobalSection
EndGlobal
