
Microsoft Visual Studio Solution File, Format Version 12.00
# Visual Studio 2013
VisualStudioVersion = 12.0.21005.1
MinimumVisualStudioVersion = 10.0.40219.1
Project("{FAE04EC0-301F-11D3-BF4B-00C04F79EFBC}") = "FileUtil", "FileUtil.csproj", "{CC41FF73-D818-47D1-8B80-721DB0461BA3}"
EndProject
Project("{FAE04EC0-301F-11D3-BF4B-00C04F79EFBC}") = "FileUtilTest", "..\FileUtilTest\FileUtilTest.csproj", "{8AC79B64-005F-4E48-9B17-28C663237E8A}"
EndProject
Global
	GlobalSection(SolutionConfigurationPlatforms) = preSolution
		Debug|Any CPU = Debug|Any CPU
		Release|Any CPU = Release|Any CPU
	EndGlobalSection
	GlobalSection(ProjectConfigurationPlatforms) = postSolution
		{CC41FF73-D818-47D1-8B80-721DB0461BA3}.Debug|Any CPU.ActiveCfg = Debug|Any CPU
		{CC41FF73-D818-47D1-8B80-721DB0461BA3}.Debug|Any CPU.Build.0 = Debug|Any CPU
		{CC41FF73-D818-47D1-8B80-721DB0461BA3}.Release|Any CPU.ActiveCfg = Release|Any CPU
		{CC41FF73-D818-47D1-8B80-721DB0461BA3}.Release|Any CPU.Build.0 = Release|Any CPU
		{8AC79B64-005F-4E48-9B17-28C663237E8A}.Debug|Any CPU.ActiveCfg = Debug|Any CPU
		{8AC79B64-005F-4E48-9B17-28C663237E8A}.Debug|Any CPU.Build.0 = Debug|Any CPU
		{8AC79B64-005F-4E48-9B17-28C663237E8A}.Release|Any CPU.ActiveCfg = Release|Any CPU
		{8AC79B64-005F-4E48-9B17-28C663237E8A}.Release|Any CPU.Build.0 = Release|Any CPU
	EndGlobalSection
	GlobalSection(SolutionProperties) = preSolution
		HideSolutionNode = FALSE
	EndGlobalSection
EndGlobal
